
Microsoft Visual Studio Solution File, Format Version 12.00
# Visual Studio Version 16
VisualStudioVersion = 16.0.31410.357
MinimumVisualStudioVersion = 10.0.40219.1
Project("{FAE04EC0-301F-11D3-BF4B-00C04F79EFBC}") = "xamarin_test_change_pages.UWP", "xamarin_test_change_pages\xamarin_test_change_pages.UWP\xamarin_test_change_pages.UWP.csproj", "{B5835736-E2A7-4A41-8936-CAE03283581C}"
EndProject
Project("{FAE04EC0-301F-11D3-BF4B-00C04F79EFBC}") = "xamarin_test_change_pages.Android", "xamarin_test_change_pages\xamarin_test_change_pages.Android\xamarin_test_change_pages.Android.csproj", "{632B5832-FAEE-417D-B7DB-F2034B4962FD}"
EndProject
Project("{FAE04EC0-301F-11D3-BF4B-00C04F79EFBC}") = "xamarin_test_change_pages.iOS", "xamarin_test_change_pages\xamarin_test_change_pages.iOS\xamarin_test_change_pages.iOS.csproj", "{2668120D-2F70-4547-B06E-6F43177F6C84}"
EndProject
Project("{FAE04EC0-301F-11D3-BF4B-00C04F79EFBC}") = "xamarin_test_change_pages", "xamarin_test_change_pages\xamarin_test_change_pages\xamarin_test_change_pages.csproj", "{2CDCCC8F-CE65-47D1-8071-A0C7878361FF}"
EndProject
Global
	GlobalSection(SolutionConfigurationPlatforms) = preSolution
		Debug|Any CPU = Debug|Any CPU
		Debug|ARM = Debug|ARM
		Debug|iPhone = Debug|iPhone
		Debug|iPhoneSimulator = Debug|iPhoneSimulator
		Debug|x64 = Debug|x64
		Debug|x86 = Debug|x86
		Release|Any CPU = Release|Any CPU
		Release|ARM = Release|ARM
		Release|iPhone = Release|iPhone
		Release|iPhoneSimulator = Release|iPhoneSimulator
		Release|x64 = Release|x64
		Release|x86 = Release|x86
	EndGlobalSection
	GlobalSection(ProjectConfigurationPlatforms) = postSolution
		{B5835736-E2A7-4A41-8936-CAE03283581C}.Debug|Any CPU.ActiveCfg = Debug|x86
		{B5835736-E2A7-4A41-8936-CAE03283581C}.Debug|Any CPU.Build.0 = Debug|x86
		{B5835736-E2A7-4A41-8936-CAE03283581C}.Debug|Any CPU.Deploy.0 = Debug|x86
		{B5835736-E2A7-4A41-8936-CAE03283581C}.Debug|ARM.ActiveCfg = Debug|ARM
		{B5835736-E2A7-4A41-8936-CAE03283581C}.Debug|ARM.Build.0 = Debug|ARM
		{B5835736-E2A7-4A41-8936-CAE03283581C}.Debug|ARM.Deploy.0 = Debug|ARM
		{B5835736-E2A7-4A41-8936-CAE03283581C}.Debug|iPhone.ActiveCfg = Debug|x86
		{B5835736-E2A7-4A41-8936-CAE03283581C}.Debug|iPhone.Build.0 = Debug|x86
		{B5835736-E2A7-4A41-8936-CAE03283581C}.Debug|iPhone.Deploy.0 = Debug|x86
		{B5835736-E2A7-4A41-8936-CAE03283581C}.Debug|iPhoneSimulator.ActiveCfg = Debug|x86
		{B5835736-E2A7-4A41-8936-CAE03283581C}.Debug|iPhoneSimulator.Build.0 = Debug|x86
		{B5835736-E2A7-4A41-8936-CAE03283581C}.Debug|iPhoneSimulator.Deploy.0 = Debug|x86
		{B5835736-E2A7-4A41-8936-CAE03283581C}.Debug|x64.ActiveCfg = Debug|x64
		{B5835736-E2A7-4A41-8936-CAE03283581C}.Debug|x64.Build.0 = Debug|x64
		{B5835736-E2A7-4A41-8936-CAE03283581C}.Debug|x64.Deploy.0 = Debug|x64
		{B5835736-E2A7-4A41-8936-CAE03283581C}.Debug|x86.ActiveCfg = Debug|x86
		{B5835736-E2A7-4A41-8936-CAE03283581C}.Debug|x86.Build.0 = Debug|x86
		{B5835736-E2A7-4A41-8936-CAE03283581C}.Debug|x86.Deploy.0 = Debug|x86
		{B5835736-E2A7-4A41-8936-CAE03283581C}.Release|Any CPU.ActiveCfg = Release|x86
		{B5835736-E2A7-4A41-8936-CAE03283581C}.Release|Any CPU.Build.0 = Release|x86
		{B5835736-E2A7-4A41-8936-CAE03283581C}.Release|Any CPU.Deploy.0 = Release|x86
		{B5835736-E2A7-4A41-8936-CAE03283581C}.Release|ARM.ActiveCfg = Release|ARM
		{B5835736-E2A7-4A41-8936-CAE03283581C}.Release|ARM.Build.0 = Release|ARM
		{B5835736-E2A7-4A41-8936-CAE03283581C}.Release|ARM.Deploy.0 = Release|ARM
		{B5835736-E2A7-4A41-8936-CAE03283581C}.Release|iPhone.ActiveCfg = Release|x86
		{B5835736-E2A7-4A41-8936-CAE03283581C}.Release|iPhone.Build.0 = Release|x86
		{B5835736-E2A7-4A41-8936-CAE03283581C}.Release|iPhone.Deploy.0 = Release|x86
		{B5835736-E2A7-4A41-8936-CAE03283581C}.Release|iPhoneSimulator.ActiveCfg = Release|x86
		{B5835736-E2A7-4A41-8936-CAE03283581C}.Release|iPhoneSimulator.Build.0 = Release|x86
		{B5835736-E2A7-4A41-8936-CAE03283581C}.Release|iPhoneSimulator.Deploy.0 = Release|x86
		{B5835736-E2A7-4A41-8936-CAE03283581C}.Release|x64.ActiveCfg = Release|x64
		{B5835736-E2A7-4A41-8936-CAE03283581C}.Release|x64.Build.0 = Release|x64
		{B5835736-E2A7-4A41-8936-CAE03283581C}.Release|x64.Deploy.0 = Release|x64
		{B5835736-E2A7-4A41-8936-CAE03283581C}.Release|x86.ActiveCfg = Release|x86
		{B5835736-E2A7-4A41-8936-CAE03283581C}.Release|x86.Build.0 = Release|x86
		{B5835736-E2A7-4A41-8936-CAE03283581C}.Release|x86.Deploy.0 = Release|x86
		{632B5832-FAEE-417D-B7DB-F2034B4962FD}.Debug|Any CPU.ActiveCfg = Debug|Any CPU
		{632B5832-FAEE-417D-B7DB-F2034B4962FD}.Debug|Any CPU.Build.0 = Debug|Any CPU
		{632B5832-FAEE-417D-B7DB-F2034B4962FD}.Debug|Any CPU.Deploy.0 = Debug|Any CPU
		{632B5832-FAEE-417D-B7DB-F2034B4962FD}.Debug|ARM.ActiveCfg = Debug|Any CPU
		{632B5832-FAEE-417D-B7DB-F2034B4962FD}.Debug|ARM.Build.0 = Debug|Any CPU
		{632B5832-FAEE-417D-B7DB-F2034B4962FD}.Debug|ARM.Deploy.0 = Debug|Any CPU
		{632B5832-FAEE-417D-B7DB-F2034B4962FD}.Debug|iPhone.ActiveCfg = Debug|Any CPU
		{632B5832-FAEE-417D-B7DB-F2034B4962FD}.Debug|iPhone.Build.0 = Debug|Any CPU
		{632B5832-FAEE-417D-B7DB-F2034B4962FD}.Debug|iPhone.Deploy.0 = Debug|Any CPU
		{632B5832-FAEE-417D-B7DB-F2034B4962FD}.Debug|iPhoneSimulator.ActiveCfg = Debug|Any CPU
		{632B5832-FAEE-417D-B7DB-F2034B4962FD}.Debug|iPhoneSimulator.Build.0 = Debug|Any CPU
		{632B5832-FAEE-417D-B7DB-F2034B4962FD}.Debug|iPhoneSimulator.Deploy.0 = Debug|Any CPU
		{632B5832-FAEE-417D-B7DB-F2034B4962FD}.Debug|x64.ActiveCfg = Debug|Any CPU
		{632B5832-FAEE-417D-B7DB-F2034B4962FD}.Debug|x64.Build.0 = Debug|Any CPU
		{632B5832-FAEE-417D-B7DB-F2034B4962FD}.Debug|x64.Deploy.0 = Debug|Any CPU
		{632B5832-FAEE-417D-B7DB-F2034B4962FD}.Debug|x86.ActiveCfg = Debug|Any CPU
		{632B5832-FAEE-417D-B7DB-F2034B4962FD}.Debug|x86.Build.0 = Debug|Any CPU
		{632B5832-FAEE-417D-B7DB-F2034B4962FD}.Debug|x86.Deploy.0 = Debug|Any CPU
		{632B5832-FAEE-417D-B7DB-F2034B4962FD}.Release|Any CPU.ActiveCfg = Release|Any CPU
		{632B5832-FAEE-417D-B7DB-F2034B4962FD}.Release|Any CPU.Build.0 = Release|Any CPU
		{632B5832-FAEE-417D-B7DB-F2034B4962FD}.Release|Any CPU.Deploy.0 = Release|Any CPU
		{632B5832-FAEE-417D-B7DB-F2034B4962FD}.Release|ARM.ActiveCfg = Release|Any CPU
		{632B5832-FAEE-417D-B7DB-F2034B4962FD}.Release|ARM.Build.0 = Release|Any CPU
		{632B5832-FAEE-417D-B7DB-F2034B4962FD}.Release|ARM.Deploy.0 = Release|Any CPU
		{632B5832-FAEE-417D-B7DB-F2034B4962FD}.Release|iPhone.ActiveCfg = Release|Any CPU
		{632B5832-FAEE-417D-B7DB-F2034B4962FD}.Release|iPhone.Build.0 = Release|Any CPU
		{632B5832-FAEE-417D-B7DB-F2034B4962FD}.Release|iPhone.Deploy.0 = Release|Any CPU
		{632B5832-FAEE-417D-B7DB-F2034B4962FD}.Release|iPhoneSimulator.ActiveCfg = Release|Any CPU
		{632B5832-FAEE-417D-B7DB-F2034B4962FD}.Release|iPhoneSimulator.Build.0 = Release|Any CPU
		{632B5832-FAEE-417D-B7DB-F2034B4962FD}.Release|iPhoneSimulator.Deploy.0 = Release|Any CPU
		{632B5832-FAEE-417D-B7DB-F2034B4962FD}.Release|x64.ActiveCfg = Release|Any CPU
		{632B5832-FAEE-417D-B7DB-F2034B4962FD}.Release|x64.Build.0 = Release|Any CPU
		{632B5832-FAEE-417D-B7DB-F2034B4962FD}.Release|x64.Deploy.0 = Release|Any CPU
		{632B5832-FAEE-417D-B7DB-F2034B4962FD}.Release|x86.ActiveCfg = Release|Any CPU
		{632B5832-FAEE-417D-B7DB-F2034B4962FD}.Release|x86.Build.0 = Release|Any CPU
		{632B5832-FAEE-417D-B7DB-F2034B4962FD}.Release|x86.Deploy.0 = Release|Any CPU
		{2668120D-2F70-4547-B06E-6F43177F6C84}.Debug|Any CPU.ActiveCfg = Debug|iPhoneSimulator
		{2668120D-2F70-4547-B06E-6F43177F6C84}.Debug|Any CPU.Build.0 = Debug|iPhoneSimulator
		{2668120D-2F70-4547-B06E-6F43177F6C84}.Debug|Any CPU.Deploy.0 = Debug|iPhoneSimulator
		{2668120D-2F70-4547-B06E-6F43177F6C84}.Debug|ARM.ActiveCfg = Debug|iPhone
		{2668120D-2F70-4547-B06E-6F43177F6C84}.Debug|ARM.Build.0 = Debug|iPhone
		{2668120D-2F70-4547-B06E-6F43177F6C84}.Debug|ARM.Deploy.0 = Debug|iPhone
		{2668120D-2F70-4547-B06E-6F43177F6C84}.Debug|iPhone.ActiveCfg = Debug|iPhone
		{2668120D-2F70-4547-B06E-6F43177F6C84}.Debug|iPhone.Build.0 = Debug|iPhone
		{2668120D-2F70-4547-B06E-6F43177F6C84}.Debug|iPhone.Deploy.0 = Debug|iPhone
		{2668120D-2F70-4547-B06E-6F43177F6C84}.Debug|iPhoneSimulator.ActiveCfg = Debug|iPhoneSimulator
		{2668120D-2F70-4547-B06E-6F43177F6C84}.Debug|iPhoneSimulator.Build.0 = Debug|iPhoneSimulator
		{2668120D-2F70-4547-B06E-6F43177F6C84}.Debug|iPhoneSimulator.Deploy.0 = Debug|iPhoneSimulator
		{2668120D-2F70-4547-B06E-6F43177F6C84}.Debug|x64.ActiveCfg = Debug|iPhoneSimulator
		{2668120D-2F70-4547-B06E-6F43177F6C84}.Debug|x64.Build.0 = Debug|iPhoneSimulator
		{2668120D-2F70-4547-B06E-6F43177F6C84}.Debug|x64.Deploy.0 = Debug|iPhoneSimulator
		{2668120D-2F70-4547-B06E-6F43177F6C84}.Debug|x86.ActiveCfg = Debug|iPhoneSimulator
		{2668120D-2F70-4547-B06E-6F43177F6C84}.Debug|x86.Build.0 = Debug|iPhoneSimulator
		{2668120D-2F70-4547-B06E-6F43177F6C84}.Debug|x86.Deploy.0 = Debug|iPhoneSimulator
		{2668120D-2F70-4547-B06E-6F43177F6C84}.Release|Any CPU.ActiveCfg = Release|iPhoneSimulator
		{2668120D-2F70-4547-B06E-6F43177F6C84}.Release|Any CPU.Build.0 = Release|iPhoneSimulator
		{2668120D-2F70-4547-B06E-6F43177F6C84}.Release|Any CPU.Deploy.0 = Release|iPhoneSimulator
		{2668120D-2F70-4547-B06E-6F43177F6C84}.Release|ARM.ActiveCfg = Release|iPhoneSimulator
		{2668120D-2F70-4547-B06E-6F43177F6C84}.Release|ARM.Build.0 = Release|iPhoneSimulator
		{2668120D-2F70-4547-B06E-6F43177F6C84}.Release|ARM.Deploy.0 = Release|iPhoneSimulator
		{2668120D-2F70-4547-B06E-6F43177F6C84}.Release|iPhone.ActiveCfg = Release|iPhone
		{2668120D-2F70-4547-B06E-6F43177F6C84}.Release|iPhone.Build.0 = Release|iPhone
		{2668120D-2F70-4547-B06E-6F43177F6C84}.Release|iPhone.Deploy.0 = Release|iPhone
		{2668120D-2F70-4547-B06E-6F43177F6C84}.Release|iPhoneSimulator.ActiveCfg = Release|iPhoneSimulator
		{2668120D-2F70-4547-B06E-6F43177F6C84}.Release|iPhoneSimulator.Build.0 = Release|iPhoneSimulator
		{2668120D-2F70-4547-B06E-6F43177F6C84}.Release|iPhoneSimulator.Deploy.0 = Release|iPhoneSimulator
		{2668120D-2F70-4547-B06E-6F43177F6C84}.Release|x64.ActiveCfg = Release|iPhoneSimulator
		{2668120D-2F70-4547-B06E-6F43177F6C84}.Release|x64.Build.0 = Release|iPhoneSimulator
		{2668120D-2F70-4547-B06E-6F43177F6C84}.Release|x64.Deploy.0 = Release|iPhoneSimulator
		{2668120D-2F70-4547-B06E-6F43177F6C84}.Release|x86.ActiveCfg = Release|iPhoneSimulator
		{2668120D-2F70-4547-B06E-6F43177F6C84}.Release|x86.Build.0 = Release|iPhoneSimulator
		{2668120D-2F70-4547-B06E-6F43177F6C84}.Release|x86.Deploy.0 = Release|iPhoneSimulator
		{2CDCCC8F-CE65-47D1-8071-A0C7878361FF}.Debug|Any CPU.ActiveCfg = Debug|Any CPU
		{2CDCCC8F-CE65-47D1-8071-A0C7878361FF}.Debug|Any CPU.Build.0 = Debug|Any CPU
		{2CDCCC8F-CE65-47D1-8071-A0C7878361FF}.Debug|Any CPU.Deploy.0 = Debug|Any CPU
		{2CDCCC8F-CE65-47D1-8071-A0C7878361FF}.Debug|ARM.ActiveCfg = Debug|Any CPU
		{2CDCCC8F-CE65-47D1-8071-A0C7878361FF}.Debug|ARM.Build.0 = Debug|Any CPU
		{2CDCCC8F-CE65-47D1-8071-A0C7878361FF}.Debug|ARM.Deploy.0 = Debug|Any CPU
		{2CDCCC8F-CE65-47D1-8071-A0C7878361FF}.Debug|iPhone.ActiveCfg = Debug|Any CPU
		{2CDCCC8F-CE65-47D1-8071-A0C7878361FF}.Debug|iPhone.Build.0 = Debug|Any CPU
		{2CDCCC8F-CE65-47D1-8071-A0C7878361FF}.Debug|iPhone.Deploy.0 = Debug|Any CPU
		{2CDCCC8F-CE65-47D1-8071-A0C7878361FF}.Debug|iPhoneSimulator.ActiveCfg = Debug|Any CPU
		{2CDCCC8F-CE65-47D1-8071-A0C7878361FF}.Debug|iPhoneSimulator.Build.0 = Debug|Any CPU
		{2CDCCC8F-CE65-47D1-8071-A0C7878361FF}.Debug|iPhoneSimulator.Deploy.0 = Debug|Any CPU
		{2CDCCC8F-CE65-47D1-8071-A0C7878361FF}.Debug|x64.ActiveCfg = Debug|Any CPU
		{2CDCCC8F-CE65-47D1-8071-A0C7878361FF}.Debug|x64.Build.0 = Debug|Any CPU
		{2CDCCC8F-CE65-47D1-8071-A0C7878361FF}.Debug|x64.Deploy.0 = Debug|Any CPU
		{2CDCCC8F-CE65-47D1-8071-A0C7878361FF}.Debug|x86.ActiveCfg = Debug|Any CPU
		{2CDCCC8F-CE65-47D1-8071-A0C7878361FF}.Debug|x86.Build.0 = Debug|Any CPU
		{2CDCCC8F-CE65-47D1-8071-A0C7878361FF}.Debug|x86.Deploy.0 = Debug|Any CPU
		{2CDCCC8F-CE65-47D1-8071-A0C7878361FF}.Release|Any CPU.ActiveCfg = Release|Any CPU
		{2CDCCC8F-CE65-47D1-8071-A0C7878361FF}.Release|Any CPU.Build.0 = Release|Any CPU
		{2CDCCC8F-CE65-47D1-8071-A0C7878361FF}.Release|Any CPU.Deploy.0 = Release|Any CPU
		{2CDCCC8F-CE65-47D1-8071-A0C7878361FF}.Release|ARM.ActiveCfg = Release|Any CPU
		{2CDCCC8F-CE65-47D1-8071-A0C7878361FF}.Release|ARM.Build.0 = Release|Any CPU
		{2CDCCC8F-CE65-47D1-8071-A0C7878361FF}.Release|ARM.Deploy.0 = Release|Any CPU
		{2CDCCC8F-CE65-47D1-8071-A0C7878361FF}.Release|iPhone.ActiveCfg = Release|Any CPU
		{2CDCCC8F-CE65-47D1-8071-A0C7878361FF}.Release|iPhone.Build.0 = Release|Any CPU
		{2CDCCC8F-CE65-47D1-8071-A0C7878361FF}.Release|iPhone.Deploy.0 = Release|Any CPU
		{2CDCCC8F-CE65-47D1-8071-A0C7878361FF}.Release|iPhoneSimulator.ActiveCfg = Release|Any CPU
		{2CDCCC8F-CE65-47D1-8071-A0C7878361FF}.Release|iPhoneSimulator.Build.0 = Release|Any CPU
		{2CDCCC8F-CE65-47D1-8071-A0C7878361FF}.Release|iPhoneSimulator.Deploy.0 = Release|Any CPU
		{2CDCCC8F-CE65-47D1-8071-A0C7878361FF}.Release|x64.ActiveCfg = Release|Any CPU
		{2CDCCC8F-CE65-47D1-8071-A0C7878361FF}.Release|x64.Build.0 = Release|Any CPU
		{2CDCCC8F-CE65-47D1-8071-A0C7878361FF}.Release|x64.Deploy.0 = Release|Any CPU
		{2CDCCC8F-CE65-47D1-8071-A0C7878361FF}.Release|x86.ActiveCfg = Release|Any CPU
		{2CDCCC8F-CE65-47D1-8071-A0C7878361FF}.Release|x86.Build.0 = Release|Any CPU
		{2CDCCC8F-CE65-47D1-8071-A0C7878361FF}.Release|x86.Deploy.0 = Release|Any CPU
	EndGlobalSection
	GlobalSection(SolutionProperties) = preSolution
		HideSolutionNode = FALSE
	EndGlobalSection
	GlobalSection(ExtensibilityGlobals) = postSolution
		SolutionGuid = {8634B305-D895-4477-9CEA-E2FB676FA1C7}
	EndGlobalSection
EndGlobal
